
Microsoft Visual Studio Solution File, Format Version 12.00
# Visual Studio Version 17
VisualStudioVersion = 17.10.35013.160
MinimumVisualStudioVersion = 10.0.40219.1
Project("{FAE04EC0-301F-11D3-BF4B-00C04F79EFBC}") = "UserApplication", "UserApplication\UserApplication.csproj", "{8350541F-DF39-401A-9F89-CD5EB6749BCF}"
EndProject
Project("{FAE04EC0-301F-11D3-BF4B-00C04F79EFBC}") = "Domain", "Domain\Domain.csproj", "{206F6805-FA27-48CD-9650-021F0E7B5E07}"
EndProject
Global
	GlobalSection(SolutionConfigurationPlatforms) = preSolution
		Debug|Any CPU = Debug|Any CPU
		Release|Any CPU = Release|Any CPU
	EndGlobalSection
	GlobalSection(ProjectConfigurationPlatforms) = postSolution
		{8350541F-DF39-401A-9F89-CD5EB6749BCF}.Debug|Any CPU.ActiveCfg = Debug|Any CPU
		{8350541F-DF39-401A-9F89-CD5EB6749BCF}.Debug|Any CPU.Build.0 = Debug|Any CPU
		{8350541F-DF39-401A-9F89-CD5EB6749BCF}.Release|Any CPU.ActiveCfg = Release|Any CPU
		{8350541F-DF39-401A-9F89-CD5EB6749BCF}.Release|Any CPU.Build.0 = Release|Any CPU
		{206F6805-FA27-48CD-9650-021F0E7B5E07}.Debug|Any CPU.ActiveCfg = Debug|Any CPU
		{206F6805-FA27-48CD-9650-021F0E7B5E07}.Debug|Any CPU.Build.0 = Debug|Any CPU
		{206F6805-FA27-48CD-9650-021F0E7B5E07}.Release|Any CPU.ActiveCfg = Release|Any CPU
		{206F6805-FA27-48CD-9650-021F0E7B5E07}.Release|Any CPU.Build.0 = Release|Any CPU
	EndGlobalSection
	GlobalSection(SolutionProperties) = preSolution
		HideSolutionNode = FALSE
	EndGlobalSection
	GlobalSection(ExtensibilityGlobals) = postSolution
		SolutionGuid = {5E48B6B8-74EA-4664-85B8-CF89F7EE633E}
	EndGlobalSection
EndGlobal
